
Microsoft Visual Studio Solution File, Format Version 12.00
# Visual Studio Version 16
VisualStudioVersion = 16.0.31205.134
MinimumVisualStudioVersion = 10.0.40219.1
Project("{FAE04EC0-301F-11D3-BF4B-00C04F79EFBC}") = "Proje.Web", "Proje.Web\Proje.Web.csproj", "{68BBE1A1-DDF5-46E4-8E9F-86193CA91D40}"
EndProject
Project("{FAE04EC0-301F-11D3-BF4B-00C04F79EFBC}") = "Proje.DataAccess", "Proje.DataAccess\Proje.DataAccess.csproj", "{332694AD-4C6C-412C-97D2-A9CB2AE1DDC1}"
EndProject
Project("{FAE04EC0-301F-11D3-BF4B-00C04F79EFBC}") = "Proje.Business", "Proje.Business\Proje.Business.csproj", "{BD372510-8FBD-4A85-B313-DEF59B4E128D}"
EndProject
Global
	GlobalSection(SolutionConfigurationPlatforms) = preSolution
		Debug|Any CPU = Debug|Any CPU
		Release|Any CPU = Release|Any CPU
	EndGlobalSection
	GlobalSection(ProjectConfigurationPlatforms) = postSolution
		{68BBE1A1-DDF5-46E4-8E9F-86193CA91D40}.Debug|Any CPU.ActiveCfg = Debug|Any CPU
		{68BBE1A1-DDF5-46E4-8E9F-86193CA91D40}.Debug|Any CPU.Build.0 = Debug|Any CPU
		{68BBE1A1-DDF5-46E4-8E9F-86193CA91D40}.Release|Any CPU.ActiveCfg = Release|Any CPU
		{68BBE1A1-DDF5-46E4-8E9F-86193CA91D40}.Release|Any CPU.Build.0 = Release|Any CPU
		{332694AD-4C6C-412C-97D2-A9CB2AE1DDC1}.Debug|Any CPU.ActiveCfg = Debug|Any CPU
		{332694AD-4C6C-412C-97D2-A9CB2AE1DDC1}.Debug|Any CPU.Build.0 = Debug|Any CPU
		{332694AD-4C6C-412C-97D2-A9CB2AE1DDC1}.Release|Any CPU.ActiveCfg = Release|Any CPU
		{332694AD-4C6C-412C-97D2-A9CB2AE1DDC1}.Release|Any CPU.Build.0 = Release|Any CPU
		{BD372510-8FBD-4A85-B313-DEF59B4E128D}.Debug|Any CPU.ActiveCfg = Debug|Any CPU
		{BD372510-8FBD-4A85-B313-DEF59B4E128D}.Debug|Any CPU.Build.0 = Debug|Any CPU
		{BD372510-8FBD-4A85-B313-DEF59B4E128D}.Release|Any CPU.ActiveCfg = Release|Any CPU
		{BD372510-8FBD-4A85-B313-DEF59B4E128D}.Release|Any CPU.Build.0 = Release|Any CPU
	EndGlobalSection
	GlobalSection(SolutionProperties) = preSolution
		HideSolutionNode = FALSE
	EndGlobalSection
	GlobalSection(ExtensibilityGlobals) = postSolution
		SolutionGuid = {5C54F61B-2BA3-4CB2-8BC3-6CB1B332BDA8}
	EndGlobalSection
EndGlobal
